
Microsoft Visual Studio Solution File, Format Version 12.00
# Visual Studio Version 17
VisualStudioVersion = 17.0.31903.59
MinimumVisualStudioVersion = 10.0.40219.1
Project("{FAE04EC0-301F-11D3-BF4B-00C04F79EFBC}") = "PGEmu.app", "PGEmu.app\PGEmu.app.csproj", "{104C9AFB-37DC-4FF6-8DCB-0D9B8B3B42B2}"
EndProject
Project("{FAE04EC0-301F-11D3-BF4B-00C04F79EFBC}") = "PGEmu.gui", "PGEmu.gui\PGEmu.gui.csproj", "{6376EE94-9DA5-4E52-922E-7385D72E8CD2}"
EndProject
Project("{FAE04EC0-301F-11D3-BF4B-00C04F79EFBC}") = "PGEmu Backend", "PGEmu Backend\PGEmu Backend.csproj", "{31ACD088-208F-4F77-991D-06238969BF82}"
EndProject
Global
	GlobalSection(SolutionConfigurationPlatforms) = preSolution
		Debug|Any CPU = Debug|Any CPU
		Debug|x64 = Debug|x64
		Debug|x86 = Debug|x86
		Release|Any CPU = Release|Any CPU
		Release|x64 = Release|x64
		Release|x86 = Release|x86
	EndGlobalSection
	GlobalSection(ProjectConfigurationPlatforms) = postSolution
		{104C9AFB-37DC-4FF6-8DCB-0D9B8B3B42B2}.Debug|Any CPU.ActiveCfg = Debug|Any CPU
		{104C9AFB-37DC-4FF6-8DCB-0D9B8B3B42B2}.Debug|Any CPU.Build.0 = Debug|Any CPU
		{104C9AFB-37DC-4FF6-8DCB-0D9B8B3B42B2}.Debug|x64.ActiveCfg = Debug|Any CPU
		{104C9AFB-37DC-4FF6-8DCB-0D9B8B3B42B2}.Debug|x64.Build.0 = Debug|Any CPU
		{104C9AFB-37DC-4FF6-8DCB-0D9B8B3B42B2}.Debug|x86.ActiveCfg = Debug|Any CPU
		{104C9AFB-37DC-4FF6-8DCB-0D9B8B3B42B2}.Debug|x86.Build.0 = Debug|Any CPU
		{104C9AFB-37DC-4FF6-8DCB-0D9B8B3B42B2}.Release|Any CPU.ActiveCfg = Release|Any CPU
		{104C9AFB-37DC-4FF6-8DCB-0D9B8B3B42B2}.Release|Any CPU.Build.0 = Release|Any CPU
		{104C9AFB-37DC-4FF6-8DCB-0D9B8B3B42B2}.Release|x64.ActiveCfg = Release|Any CPU
		{104C9AFB-37DC-4FF6-8DCB-0D9B8B3B42B2}.Release|x64.Build.0 = Release|Any CPU
		{104C9AFB-37DC-4FF6-8DCB-0D9B8B3B42B2}.Release|x86.ActiveCfg = Release|Any CPU
		{104C9AFB-37DC-4FF6-8DCB-0D9B8B3B42B2}.Release|x86.Build.0 = Release|Any CPU
		{6376EE94-9DA5-4E52-922E-7385D72E8CD2}.Debug|Any CPU.ActiveCfg = Debug|Any CPU
		{6376EE94-9DA5-4E52-922E-7385D72E8CD2}.Debug|Any CPU.Build.0 = Debug|Any CPU
		{6376EE94-9DA5-4E52-922E-7385D72E8CD2}.Debug|x64.ActiveCfg = Debug|Any CPU
		{6376EE94-9DA5-4E52-922E-7385D72E8CD2}.Debug|x64.Build.0 = Debug|Any CPU
		{6376EE94-9DA5-4E52-922E-7385D72E8CD2}.Debug|x86.ActiveCfg = Debug|Any CPU
		{6376EE94-9DA5-4E52-922E-7385D72E8CD2}.Debug|x86.Build.0 = Debug|Any CPU
		{6376EE94-9DA5-4E52-922E-7385D72E8CD2}.Release|Any CPU.ActiveCfg = Release|Any CPU
		{6376EE94-9DA5-4E52-922E-7385D72E8CD2}.Release|Any CPU.Build.0 = Release|Any CPU
		{6376EE94-9DA5-4E52-922E-7385D72E8CD2}.Release|x64.ActiveCfg = Release|Any CPU
		{6376EE94-9DA5-4E52-922E-7385D72E8CD2}.Release|x64.Build.0 = Release|Any CPU
		{6376EE94-9DA5-4E52-922E-7385D72E8CD2}.Release|x86.ActiveCfg = Release|Any CPU
		{6376EE94-9DA5-4E52-922E-7385D72E8CD2}.Release|x86.Build.0 = Release|Any CPU
		{31ACD088-208F-4F77-991D-06238969BF82}.Debug|Any CPU.ActiveCfg = Debug|Any CPU
		{31ACD088-208F-4F77-991D-06238969BF82}.Debug|Any CPU.Build.0 = Debug|Any CPU
		{31ACD088-208F-4F77-991D-06238969BF82}.Debug|x64.ActiveCfg = Debug|Any CPU
		{31ACD088-208F-4F77-991D-06238969BF82}.Debug|x64.Build.0 = Debug|Any CPU
		{31ACD088-208F-4F77-991D-06238969BF82}.Debug|x86.ActiveCfg = Debug|Any CPU
		{31ACD088-208F-4F77-991D-06238969BF82}.Debug|x86.Build.0 = Debug|Any CPU
		{31ACD088-208F-4F77-991D-06238969BF82}.Release|Any CPU.ActiveCfg = Release|Any CPU
		{31ACD088-208F-4F77-991D-06238969BF82}.Release|Any CPU.Build.0 = Release|Any CPU
		{31ACD088-208F-4F77-991D-06238969BF82}.Release|x64.ActiveCfg = Release|Any CPU
		{31ACD088-208F-4F77-991D-06238969BF82}.Release|x64.Build.0 = Release|Any CPU
		{31ACD088-208F-4F77-991D-06238969BF82}.Release|x86.ActiveCfg = Release|Any CPU
		{31ACD088-208F-4F77-991D-06238969BF82}.Release|x86.Build.0 = Release|Any CPU
	EndGlobalSection
	GlobalSection(SolutionProperties) = preSolution
		HideSolutionNode = FALSE
	EndGlobalSection
EndGlobal
